
Microsoft Visual Studio Solution File, Format Version 12.00
# Visual Studio 2013
Project("{FAE04EC0-301F-11D3-BF4B-00C04F79EFBC}") = "Not Trespass.CSharp.Plugins", "Not Trespass.CSharp.Plugins.csproj", "{B6306C0D-5185-5126-F5AC-14B9BCCFE695}"
EndProject
Project("{FAE04EC0-301F-11D3-BF4B-00C04F79EFBC}") = "Not Trespass.CSharp", "Not Trespass.CSharp.csproj", "{63FCF4A7-1718-4CD3-7019-A60EA7C1E63E}"
EndProject
Global
	GlobalSection(SolutionConfigurationPlatforms) = preSolution
		Debug|Any CPU = Debug|Any CPU
		Release|Any CPU = Release|Any CPU
	EndGlobalSection
	GlobalSection(ProjectConfigurationPlatforms) = postSolution
		{B6306C0D-5185-5126-F5AC-14B9BCCFE695}.Debug|Any CPU.ActiveCfg = Debug|Any CPU
		{B6306C0D-5185-5126-F5AC-14B9BCCFE695}.Debug|Any CPU.Build.0 = Debug|Any CPU
		{B6306C0D-5185-5126-F5AC-14B9BCCFE695}.Release|Any CPU.ActiveCfg = Release|Any CPU
		{B6306C0D-5185-5126-F5AC-14B9BCCFE695}.Release|Any CPU.Build.0 = Release|Any CPU
		{63FCF4A7-1718-4CD3-7019-A60EA7C1E63E}.Debug|Any CPU.ActiveCfg = Debug|Any CPU
		{63FCF4A7-1718-4CD3-7019-A60EA7C1E63E}.Debug|Any CPU.Build.0 = Debug|Any CPU
		{63FCF4A7-1718-4CD3-7019-A60EA7C1E63E}.Release|Any CPU.ActiveCfg = Release|Any CPU
		{63FCF4A7-1718-4CD3-7019-A60EA7C1E63E}.Release|Any CPU.Build.0 = Release|Any CPU
	EndGlobalSection
	GlobalSection(SolutionProperties) = preSolution
		HideSolutionNode = FALSE
	EndGlobalSection
EndGlobal
